// !$*UTF8*$!
{
	archiveVersion = 1;
	classes = {
	};
	objectVersion = 56;
	objects = {

/* Begin PBXBuildFile section */
		CC52D6A02A03BB9E005ACD2D /* PhotoWizardApp.swift in Sources */ = {isa = PBXBuildFile; fileRef = CC52D69F2A03BB9E005ACD2D /* PhotoWizardApp.swift */; };
		CC52D6A22A03BB9E005ACD2D /* PhotosListView.swift in Sources */ = {isa = PBXBuildFile; fileRef = CC52D6A12A03BB9E005ACD2D /* PhotosListView.swift */; };
		CC52D6A42A03BB9F005ACD2D /* Assets.xcassets in Resources */ = {isa = PBXBuildFile; fileRef = CC52D6A32A03BB9F005ACD2D /* Assets.xcassets */; };
		CC52D6A72A03BB9F005ACD2D /* Preview Assets.xcassets in Resources */ = {isa = PBXBuildFile; fileRef = CC52D6A62A03BB9F005ACD2D /* Preview Assets.xcassets */; };
		CC52D6B22A03F7BC005ACD2D /* NetworkingAgent.swift in Sources */ = {isa = PBXBuildFile; fileRef = CC52D6B12A03F7BC005ACD2D /* NetworkingAgent.swift */; };
		CC52D6B42A03F7DA005ACD2D /* PhotosRequest.swift in Sources */ = {isa = PBXBuildFile; fileRef = CC52D6B32A03F7DA005ACD2D /* PhotosRequest.swift */; };
		CC52D6B62A03F8BB005ACD2D /* APIConstants.swift in Sources */ = {isa = PBXBuildFile; fileRef = CC52D6B52A03F8BB005ACD2D /* APIConstants.swift */; };
		CC52D6BA2A03F934005ACD2D /* Photo.swift in Sources */ = {isa = PBXBuildFile; fileRef = CC52D6B92A03F934005ACD2D /* Photo.swift */; };
		CC52D6BE2A040007005ACD2D /* APIErrors.swift in Sources */ = {isa = PBXBuildFile; fileRef = CC52D6BD2A040007005ACD2D /* APIErrors.swift */; };
		CC52D6C02A0400BE005ACD2D /* PhotoMock.swift in Sources */ = {isa = PBXBuildFile; fileRef = CC52D6BF2A0400BE005ACD2D /* PhotoMock.swift */; };
		CC52D6C42A040150005ACD2D /* PhotosService.swift in Sources */ = {isa = PBXBuildFile; fileRef = CC52D6C32A040150005ACD2D /* PhotosService.swift */; };
		CC52D6C62A04017D005ACD2D /* ApiPhotosService.swift in Sources */ = {isa = PBXBuildFile; fileRef = CC52D6C52A04017D005ACD2D /* ApiPhotosService.swift */; };
		CC52D6C82A0401AC005ACD2D /* MockPhotosService.swift in Sources */ = {isa = PBXBuildFile; fileRef = CC52D6C72A0401AC005ACD2D /* MockPhotosService.swift */; };
		CC52D6CA2A0403FF005ACD2D /* PhotosListViewModel.swift in Sources */ = {isa = PBXBuildFile; fileRef = CC52D6C92A0403FF005ACD2D /* PhotosListViewModel.swift */; };
		CC52D6CC2A0404A0005ACD2D /* PhotosListFactory.swift in Sources */ = {isa = PBXBuildFile; fileRef = CC52D6CB2A0404A0005ACD2D /* PhotosListFactory.swift */; };
		CC52D6CE2A040711005ACD2D /* StateMachine.swift in Sources */ = {isa = PBXBuildFile; fileRef = CC52D6CD2A040711005ACD2D /* StateMachine.swift */; };
		CC52D6D12A069765005ACD2D /* SDWebImageSwiftUI in Frameworks */ = {isa = PBXBuildFile; productRef = CC52D6D02A069765005ACD2D /* SDWebImageSwiftUI */; };
		CC52D6D82A06A92C005ACD2D /* ImageViewer.swift in Sources */ = {isa = PBXBuildFile; fileRef = CC52D6D72A06A92C005ACD2D /* ImageViewer.swift */; };
/* End PBXBuildFile section */

/* Begin PBXFileReference section */
		CC52D69C2A03BB9E005ACD2D /* PhotoWizard.app */ = {isa = PBXFileReference; explicitFileType = wrapper.application; includeInIndex = 0; path = PhotoWizard.app; sourceTree = BUILT_PRODUCTS_DIR; };
		CC52D69F2A03BB9E005ACD2D /* PhotoWizardApp.swift */ = {isa = PBXFileReference; lastKnownFileType = sourcecode.swift; path = PhotoWizardApp.swift; sourceTree = "<group>"; };
		CC52D6A12A03BB9E005ACD2D /* PhotosListView.swift */ = {isa = PBXFileReference; lastKnownFileType = sourcecode.swift; path = PhotosListView.swift; sourceTree = "<group>"; };
		CC52D6A32A03BB9F005ACD2D /* Assets.xcassets */ = {isa = PBXFileReference; lastKnownFileType = folder.assetcatalog; path = Assets.xcassets; sourceTree = "<group>"; };
		CC52D6A62A03BB9F005ACD2D /* Preview Assets.xcassets */ = {isa = PBXFileReference; lastKnownFileType = folder.assetcatalog; path = "Preview Assets.xcassets"; sourceTree = "<group>"; };
		CC52D6B12A03F7BC005ACD2D /* NetworkingAgent.swift */ = {isa = PBXFileReference; lastKnownFileType = sourcecode.swift; path = NetworkingAgent.swift; sourceTree = "<group>"; };
		CC52D6B32A03F7DA005ACD2D /* PhotosRequest.swift */ = {isa = PBXFileReference; lastKnownFileType = sourcecode.swift; path = PhotosRequest.swift; sourceTree = "<group>"; };
		CC52D6B52A03F8BB005ACD2D /* APIConstants.swift */ = {isa = PBXFileReference; lastKnownFileType = sourcecode.swift; path = APIConstants.swift; sourceTree = "<group>"; };
		CC52D6B92A03F934005ACD2D /* Photo.swift */ = {isa = PBXFileReference; lastKnownFileType = sourcecode.swift; path = Photo.swift; sourceTree = "<group>"; };
		CC52D6BD2A040007005ACD2D /* APIErrors.swift */ = {isa = PBXFileReference; lastKnownFileType = sourcecode.swift; path = APIErrors.swift; sourceTree = "<group>"; };
		CC52D6BF2A0400BE005ACD2D /* PhotoMock.swift */ = {isa = PBXFileReference; lastKnownFileType = sourcecode.swift; path = PhotoMock.swift; sourceTree = "<group>"; };
		CC52D6C32A040150005ACD2D /* PhotosService.swift */ = {isa = PBXFileReference; lastKnownFileType = sourcecode.swift; path = PhotosService.swift; sourceTree = "<group>"; };
		CC52D6C52A04017D005ACD2D /* ApiPhotosService.swift */ = {isa = PBXFileReference; lastKnownFileType = sourcecode.swift; path = ApiPhotosService.swift; sourceTree = "<group>"; };
		CC52D6C72A0401AC005ACD2D /* MockPhotosService.swift */ = {isa = PBXFileReference; lastKnownFileType = sourcecode.swift; path = MockPhotosService.swift; sourceTree = "<group>"; };
		CC52D6C92A0403FF005ACD2D /* PhotosListViewModel.swift */ = {isa = PBXFileReference; lastKnownFileType = sourcecode.swift; path = PhotosListViewModel.swift; sourceTree = "<group>"; };
		CC52D6CB2A0404A0005ACD2D /* PhotosListFactory.swift */ = {isa = PBXFileReference; lastKnownFileType = sourcecode.swift; path = PhotosListFactory.swift; sourceTree = "<group>"; };
		CC52D6CD2A040711005ACD2D /* StateMachine.swift */ = {isa = PBXFileReference; lastKnownFileType = sourcecode.swift; path = StateMachine.swift; sourceTree = "<group>"; };
		CC52D6D72A06A92C005ACD2D /* ImageViewer.swift */ = {isa = PBXFileReference; lastKnownFileType = sourcecode.swift; path = ImageViewer.swift; sourceTree = "<group>"; };
/* End PBXFileReference section */

/* Begin PBXFrameworksBuildPhase section */
		CC52D6992A03BB9E005ACD2D /* Frameworks */ = {
			isa = PBXFrameworksBuildPhase;
			buildActionMask = 2147483647;
			files = (
				CC52D6D12A069765005ACD2D /* SDWebImageSwiftUI in Frameworks */,
			);
			runOnlyForDeploymentPostprocessing = 0;
		};
/* End PBXFrameworksBuildPhase section */

/* Begin PBXGroup section */
		CC52D6932A03BB9E005ACD2D = {
			isa = PBXGroup;
			children = (
				CC52D69E2A03BB9E005ACD2D /* PhotoWizard */,
				CC52D69D2A03BB9E005ACD2D /* Products */,
			);
			sourceTree = "<group>";
		};
		CC52D69D2A03BB9E005ACD2D /* Products */ = {
			isa = PBXGroup;
			children = (
				CC52D69C2A03BB9E005ACD2D /* PhotoWizard.app */,
			);
			name = Products;
			sourceTree = "<group>";
		};
		CC52D69E2A03BB9E005ACD2D /* PhotoWizard */ = {
			isa = PBXGroup;
			children = (
				CC52D6C12A040121005ACD2D /* Services */,
				CC52D6AF2A03F787005ACD2D /* Presentation */,
				CC52D6AD2A03F767005ACD2D /* Core */,
				CC52D69F2A03BB9E005ACD2D /* PhotoWizardApp.swift */,
				CC52D6A32A03BB9F005ACD2D /* Assets.xcassets */,
				CC52D6A52A03BB9F005ACD2D /* Preview Content */,
			);
			path = PhotoWizard;
			sourceTree = "<group>";
		};
		CC52D6A52A03BB9F005ACD2D /* Preview Content */ = {
			isa = PBXGroup;
			children = (
				CC52D6A62A03BB9F005ACD2D /* Preview Assets.xcassets */,
			);
			path = "Preview Content";
			sourceTree = "<group>";
		};
		CC52D6AD2A03F767005ACD2D /* Core */ = {
			isa = PBXGroup;
			children = (
				CC52D6B72A03F914005ACD2D /* Model */,
				CC52D6AE2A03F77B005ACD2D /* Network */,
			);
			path = Core;
			sourceTree = "<group>";
		};
		CC52D6AE2A03F77B005ACD2D /* Network */ = {
			isa = PBXGroup;
			children = (
				CC52D6B12A03F7BC005ACD2D /* NetworkingAgent.swift */,
				CC52D6B32A03F7DA005ACD2D /* PhotosRequest.swift */,
				CC52D6BD2A040007005ACD2D /* APIErrors.swift */,
				CC52D6B52A03F8BB005ACD2D /* APIConstants.swift */,
			);
			path = Network;
			sourceTree = "<group>";
		};
		CC52D6AF2A03F787005ACD2D /* Presentation */ = {
			isa = PBXGroup;
			children = (
				CC52D6CD2A040711005ACD2D /* StateMachine.swift */,
				CC52D6B02A03F791005ACD2D /* PhotosList */,
			);
			path = Presentation;
			sourceTree = "<group>";
		};
		CC52D6B02A03F791005ACD2D /* PhotosList */ = {
			isa = PBXGroup;
			children = (
				CC52D6A12A03BB9E005ACD2D /* PhotosListView.swift */,
				CC52D6C92A0403FF005ACD2D /* PhotosListViewModel.swift */,
				CC52D6D72A06A92C005ACD2D /* ImageViewer.swift */,
				CC52D6CB2A0404A0005ACD2D /* PhotosListFactory.swift */,
			);
			path = PhotosList;
			sourceTree = "<group>";
		};
		CC52D6B72A03F914005ACD2D /* Model */ = {
			isa = PBXGroup;
			children = (
				CC52D6B82A03F91D005ACD2D /* Photos */,
			);
			path = Model;
			sourceTree = "<group>";
		};
		CC52D6B82A03F91D005ACD2D /* Photos */ = {
			isa = PBXGroup;
			children = (
				CC52D6B92A03F934005ACD2D /* Photo.swift */,
				CC52D6BF2A0400BE005ACD2D /* PhotoMock.swift */,
			);
			path = Photos;
			sourceTree = "<group>";
		};
		CC52D6C12A040121005ACD2D /* Services */ = {
			isa = PBXGroup;
			children = (
				CC52D6C22A040138005ACD2D /* Articles */,
			);
			path = Services;
			sourceTree = "<group>";
		};
		CC52D6C22A040138005ACD2D /* Articles */ = {
			isa = PBXGroup;
			children = (
				CC52D6C32A040150005ACD2D /* PhotosService.swift */,
				CC52D6C52A04017D005ACD2D /* ApiPhotosService.swift */,
				CC52D6C72A0401AC005ACD2D /* MockPhotosService.swift */,
			);
			path = Articles;
			sourceTree = "<group>";
		};
/* End PBXGroup section */

/* Begin PBXNativeTarget section */
		CC52D69B2A03BB9E005ACD2D /* PhotoWizard */ = {
			isa = PBXNativeTarget;
			buildConfigurationList = CC52D6AA2A03BB9F005ACD2D /* Build configuration list for PBXNativeTarget "PhotoWizard" */;
			buildPhases = (
				CC52D6982A03BB9E005ACD2D /* Sources */,
				CC52D6992A03BB9E005ACD2D /* Frameworks */,
				CC52D69A2A03BB9E005ACD2D /* Resources */,
			);
			buildRules = (
			);
			dependencies = (
			);
			name = PhotoWizard;
			packageProductDependencies = (
				CC52D6D02A069765005ACD2D /* SDWebImageSwiftUI */,
			);
			productName = PhotoWizard;
			productReference = CC52D69C2A03BB9E005ACD2D /* PhotoWizard.app */;
			productType = "com.apple.product-type.application";
		};
/* End PBXNativeTarget section */

/* Begin PBXProject section */
		CC52D6942A03BB9E005ACD2D /* Project object */ = {
			isa = PBXProject;
			attributes = {
				BuildIndependentTargetsInParallel = 1;
				LastSwiftUpdateCheck = 1430;
				LastUpgradeCheck = 1430;
				TargetAttributes = {
					CC52D69B2A03BB9E005ACD2D = {
						CreatedOnToolsVersion = 14.3;
					};
				};
			};
			buildConfigurationList = CC52D6972A03BB9E005ACD2D /* Build configuration list for PBXProject "PhotoWizard" */;
			compatibilityVersion = "Xcode 14.0";
			developmentRegion = en;
			hasScannedForEncodings = 0;
			knownRegions = (
				en,
				Base,
			);
			mainGroup = CC52D6932A03BB9E005ACD2D;
			packageReferences = (
				CC52D6CF2A069765005ACD2D /* XCRemoteSwiftPackageReference "SDWebImageSwiftUI" */,
			);
			productRefGroup = CC52D69D2A03BB9E005ACD2D /* Products */;
			projectDirPath = "";
			projectRoot = "";
			targets = (
				CC52D69B2A03BB9E005ACD2D /* PhotoWizard */,
			);
		};
/* End PBXProject section */

/* Begin PBXResourcesBuildPhase section */
		CC52D69A2A03BB9E005ACD2D /* Resources */ = {
			isa = PBXResourcesBuildPhase;
			buildActionMask = 2147483647;
			files = (
				CC52D6A72A03BB9F005ACD2D /* Preview Assets.xcassets in Resources */,
				CC52D6A42A03BB9F005ACD2D /* Assets.xcassets in Resources */,
			);
			runOnlyForDeploymentPostprocessing = 0;
		};
/* End PBXResourcesBuildPhase section */

/* Begin PBXSourcesBuildPhase section */
		CC52D6982A03BB9E005ACD2D /* Sources */ = {
			isa = PBXSourcesBuildPhase;
			buildActionMask = 2147483647;
			files = (
				CC52D6C62A04017D005ACD2D /* ApiPhotosService.swift in Sources */,
				CC52D6C02A0400BE005ACD2D /* PhotoMock.swift in Sources */,
				CC52D6C82A0401AC005ACD2D /* MockPhotosService.swift in Sources */,
				CC52D6D82A06A92C005ACD2D /* ImageViewer.swift in Sources */,
				CC52D6CA2A0403FF005ACD2D /* PhotosListViewModel.swift in Sources */,
				CC52D6BA2A03F934005ACD2D /* Photo.swift in Sources */,
				CC52D6C42A040150005ACD2D /* PhotosService.swift in Sources */,
				CC52D6BE2A040007005ACD2D /* APIErrors.swift in Sources */,
				CC52D6B42A03F7DA005ACD2D /* PhotosRequest.swift in Sources */,
				CC52D6B62A03F8BB005ACD2D /* APIConstants.swift in Sources */,
				CC52D6CE2A040711005ACD2D /* StateMachine.swift in Sources */,
				CC52D6A22A03BB9E005ACD2D /* PhotosListView.swift in Sources */,
				CC52D6CC2A0404A0005ACD2D /* PhotosListFactory.swift in Sources */,
				CC52D6B22A03F7BC005ACD2D /* NetworkingAgent.swift in Sources */,
				CC52D6A02A03BB9E005ACD2D /* PhotoWizardApp.swift in Sources */,
			);
			runOnlyForDeploymentPostprocessing = 0;
		};
/* End PBXSourcesBuildPhase section */

/* Begin XCBuildConfiguration section */
		CC52D6A82A03BB9F005ACD2D /* Debug */ = {
			isa = XCBuildConfiguration;
			buildSettings = {
				ALWAYS_SEARCH_USER_PATHS = NO;
				CLANG_ANALYZER_NONNULL = YES;
				CLANG_ANALYZER_NUMBER_OBJECT_CONVERSION = YES_AGGRESSIVE;
				CLANG_CXX_LANGUAGE_STANDARD = "gnu++20";
				CLANG_ENABLE_MODULES = YES;
				CLANG_ENABLE_OBJC_ARC = YES;
				CLANG_ENABLE_OBJC_WEAK = YES;
				CLANG_WARN_BLOCK_CAPTURE_AUTORELEASING = YES;
				CLANG_WARN_BOOL_CONVERSION = YES;
				CLANG_WARN_COMMA = YES;
				CLANG_WARN_CONSTANT_CONVERSION = YES;
				CLANG_WARN_DEPRECATED_OBJC_IMPLEMENTATIONS = YES;
				CLANG_WARN_DIRECT_OBJC_ISA_USAGE = YES_ERROR;
				CLANG_WARN_DOCUMENTATION_COMMENTS = YES;
				CLANG_WARN_EMPTY_BODY = YES;
				CLANG_WARN_ENUM_CONVERSION = YES;
				CLANG_WARN_INFINITE_RECURSION = YES;
				CLANG_WARN_INT_CONVERSION = YES;
				CLANG_WARN_NON_LITERAL_NULL_CONVERSION = YES;
				CLANG_WARN_OBJC_IMPLICIT_RETAIN_SELF = YES;
				CLANG_WARN_OBJC_LITERAL_CONVERSION = YES;
				CLANG_WARN_OBJC_ROOT_CLASS = YES_ERROR;
				CLANG_WARN_QUOTED_INCLUDE_IN_FRAMEWORK_HEADER = YES;
				CLANG_WARN_RANGE_LOOP_ANALYSIS = YES;
				CLANG_WARN_STRICT_PROTOTYPES = YES;
				CLANG_WARN_SUSPICIOUS_MOVE = YES;
				CLANG_WARN_UNGUARDED_AVAILABILITY = YES_AGGRESSIVE;
				CLANG_WARN_UNREACHABLE_CODE = YES;
				CLANG_WARN__DUPLICATE_METHOD_MATCH = YES;
				COPY_PHASE_STRIP = NO;
				DEBUG_INFORMATION_FORMAT = dwarf;
				ENABLE_STRICT_OBJC_MSGSEND = YES;
				ENABLE_TESTABILITY = YES;
				GCC_C_LANGUAGE_STANDARD = gnu11;
				GCC_DYNAMIC_NO_PIC = NO;
				GCC_NO_COMMON_BLOCKS = YES;
				GCC_OPTIMIZATION_LEVEL = 0;
				GCC_PREPROCESSOR_DEFINITIONS = (
					"DEBUG=1",
					"$(inherited)",
				);
				GCC_WARN_64_TO_32_BIT_CONVERSION = YES;
				GCC_WARN_ABOUT_RETURN_TYPE = YES_ERROR;
				GCC_WARN_UNDECLARED_SELECTOR = YES;
				GCC_WARN_UNINITIALIZED_AUTOS = YES_AGGRESSIVE;
				GCC_WARN_UNUSED_FUNCTION = YES;
				GCC_WARN_UNUSED_VARIABLE = YES;
				IPHONEOS_DEPLOYMENT_TARGET = 16.4;
				MTL_ENABLE_DEBUG_INFO = INCLUDE_SOURCE;
				MTL_FAST_MATH = YES;
				ONLY_ACTIVE_ARCH = YES;
				SDKROOT = iphoneos;
				SWIFT_ACTIVE_COMPILATION_CONDITIONS = DEBUG;
				SWIFT_OPTIMIZATION_LEVEL = "-Onone";
			};
			name = Debug;
		};
		CC52D6A92A03BB9F005ACD2D /* Release */ = {
			isa = XCBuildConfiguration;
			buildSettings = {
				ALWAYS_SEARCH_USER_PATHS = NO;
				CLANG_ANALYZER_NONNULL = YES;
				CLANG_ANALYZER_NUMBER_OBJECT_CONVERSION = YES_AGGRESSIVE;
				CLANG_CXX_LANGUAGE_STANDARD = "gnu++20";
				CLANG_ENABLE_MODULES = YES;
				CLANG_ENABLE_OBJC_ARC = YES;
				CLANG_ENABLE_OBJC_WEAK = YES;
				CLANG_WARN_BLOCK_CAPTURE_AUTORELEASING = YES;
				CLANG_WARN_BOOL_CONVERSION = YES;
				CLANG_WARN_COMMA = YES;
				CLANG_WARN_CONSTANT_CONVERSION = YES;
				CLANG_WARN_DEPRECATED_OBJC_IMPLEMENTATIONS = YES;
				CLANG_WARN_DIRECT_OBJC_ISA_USAGE = YES_ERROR;
				CLANG_WARN_DOCUMENTATION_COMMENTS = YES;
				CLANG_WARN_EMPTY_BODY = YES;
				CLANG_WARN_ENUM_CONVERSION = YES;
				CLANG_WARN_INFINITE_RECURSION = YES;
				CLANG_WARN_INT_CONVERSION = YES;
				CLANG_WARN_NON_LITERAL_NULL_CONVERSION = YES;
				CLANG_WARN_OBJC_IMPLICIT_RETAIN_SELF = YES;
				CLANG_WARN_OBJC_LITERAL_CONVERSION = YES;
				CLANG_WARN_OBJC_ROOT_CLASS = YES_ERROR;
				CLANG_WARN_QUOTED_INCLUDE_IN_FRAMEWORK_HEADER = YES;
				CLANG_WARN_RANGE_LOOP_ANALYSIS = YES;
				CLANG_WARN_STRICT_PROTOTYPES = YES;
				CLANG_WARN_SUSPICIOUS_MOVE = YES;
				CLANG_WARN_UNGUARDED_AVAILABILITY = YES_AGGRESSIVE;
				CLANG_WARN_UNREACHABLE_CODE = YES;
				CLANG_WARN__DUPLICATE_METHOD_MATCH = YES;
				COPY_PHASE_STRIP = NO;
				DEBUG_INFORMATION_FORMAT = "dwarf-with-dsym";
				ENABLE_NS_ASSERTIONS = NO;
				ENABLE_STRICT_OBJC_MSGSEND = YES;
				GCC_C_LANGUAGE_STANDARD = gnu11;
				GCC_NO_COMMON_BLOCKS = YES;
				GCC_WARN_64_TO_32_BIT_CONVERSION = YES;
				GCC_WARN_ABOUT_RETURN_TYPE = YES_ERROR;
				GCC_WARN_UNDECLARED_SELECTOR = YES;
				GCC_WARN_UNINITIALIZED_AUTOS = YES_AGGRESSIVE;
				GCC_WARN_UNUSED_FUNCTION = YES;
				GCC_WARN_UNUSED_VARIABLE = YES;
				IPHONEOS_DEPLOYMENT_TARGET = 16.4;
				MTL_ENABLE_DEBUG_INFO = NO;
				MTL_FAST_MATH = YES;
				SDKROOT = iphoneos;
				SWIFT_COMPILATION_MODE = wholemodule;
				SWIFT_OPTIMIZATION_LEVEL = "-O";
				VALIDATE_PRODUCT = YES;
			};
			name = Release;
		};
		CC52D6AB2A03BB9F005ACD2D /* Debug */ = {
			isa = XCBuildConfiguration;
			buildSettings = {
				ASSETCATALOG_COMPILER_APPICON_NAME = AppIcon;
				ASSETCATALOG_COMPILER_GLOBAL_ACCENT_COLOR_NAME = AccentColor;
				CODE_SIGN_STYLE = Automatic;
				CURRENT_PROJECT_VERSION = 1;
				DEVELOPMENT_ASSET_PATHS = "\"PhotoWizard/Preview Content\"";
				DEVELOPMENT_TEAM = 62S4K6JNPT;
				ENABLE_PREVIEWS = YES;
				GENERATE_INFOPLIST_FILE = YES;
				INFOPLIST_KEY_UIApplicationSceneManifest_Generation = YES;
				INFOPLIST_KEY_UIApplicationSupportsIndirectInputEvents = YES;
				INFOPLIST_KEY_UILaunchScreen_Generation = YES;
				INFOPLIST_KEY_UISupportedInterfaceOrientations_iPad = "UIInterfaceOrientationPortrait UIInterfaceOrientationPortraitUpsideDown UIInterfaceOrientationLandscapeLeft UIInterfaceOrientationLandscapeRight";
				INFOPLIST_KEY_UISupportedInterfaceOrientations_iPhone = "UIInterfaceOrientationPortrait UIInterfaceOrientationLandscapeLeft UIInterfaceOrientationLandscapeRight";
				IPHONEOS_DEPLOYMENT_TARGET = 14.0;
				LD_RUNPATH_SEARCH_PATHS = (
					"$(inherited)",
					"@executable_path/Frameworks",
				);
				MARKETING_VERSION = 1.0;
				PRODUCT_BUNDLE_IDENTIFIER = dimaparachute.PhotoWizard;
				PRODUCT_NAME = "$(TARGET_NAME)";
				SWIFT_EMIT_LOC_STRINGS = YES;
				SWIFT_VERSION = 5.0;
				TARGETED_DEVICE_FAMILY = "1,2";
			};
			name = Debug;
		};
		CC52D6AC2A03BB9F005ACD2D /* Release */ = {
			isa = XCBuildConfiguration;
			buildSettings = {
				ASSETCATALOG_COMPILER_APPICON_NAME = AppIcon;
				ASSETCATALOG_COMPILER_GLOBAL_ACCENT_COLOR_NAME = AccentColor;
				CODE_SIGN_STYLE = Automatic;
				CURRENT_PROJECT_VERSION = 1;
				DEVELOPMENT_ASSET_PATHS = "\"PhotoWizard/Preview Content\"";
				DEVELOPMENT_TEAM = 62S4K6JNPT;
				ENABLE_PREVIEWS = YES;
				GENERATE_INFOPLIST_FILE = YES;
				INFOPLIST_KEY_UIApplicationSceneManifest_Generation = YES;
				INFOPLIST_KEY_UIApplicationSupportsIndirectInputEvents = YES;
				INFOPLIST_KEY_UILaunchScreen_Generation = YES;
				INFOPLIST_KEY_UISupportedInterfaceOrientations_iPad = "UIInterfaceOrientationPortrait UIInterfaceOrientationPortraitUpsideDown UIInterfaceOrientationLandscapeLeft UIInterfaceOrientationLandscapeRight";
				INFOPLIST_KEY_UISupportedInterfaceOrientations_iPhone = "UIInterfaceOrientationPortrait UIInterfaceOrientationLandscapeLeft UIInterfaceOrientationLandscapeRight";
				IPHONEOS_DEPLOYMENT_TARGET = 14.0;
				LD_RUNPATH_SEARCH_PATHS = (
					"$(inherited)",
					"@executable_path/Frameworks",
				);
				MARKETING_VERSION = 1.0;
				PRODUCT_BUNDLE_IDENTIFIER = dimaparachute.PhotoWizard;
				PRODUCT_NAME = "$(TARGET_NAME)";
				SWIFT_EMIT_LOC_STRINGS = YES;
				SWIFT_VERSION = 5.0;
				TARGETED_DEVICE_FAMILY = "1,2";
			};
			name = Release;
		};
/* End XCBuildConfiguration section */

/* Begin XCConfigurationList section */
		CC52D6972A03BB9E005ACD2D /* Build configuration list for PBXProject "PhotoWizard" */ = {
			isa = XCConfigurationList;
			buildConfigurations = (
				CC52D6A82A03BB9F005ACD2D /* Debug */,
				CC52D6A92A03BB9F005ACD2D /* Release */,
			);
			defaultConfigurationIsVisible = 0;
			defaultConfigurationName = Release;
		};
		CC52D6AA2A03BB9F005ACD2D /* Build configuration list for PBXNativeTarget "PhotoWizard" */ = {
			isa = XCConfigurationList;
			buildConfigurations = (
				CC52D6AB2A03BB9F005ACD2D /* Debug */,
				CC52D6AC2A03BB9F005ACD2D /* Release */,
			);
			defaultConfigurationIsVisible = 0;
			defaultConfigurationName = Release;
		};
/* End XCConfigurationList section */

/* Begin XCRemoteSwiftPackageReference section */
		CC52D6CF2A069765005ACD2D /* XCRemoteSwiftPackageReference "SDWebImageSwiftUI" */ = {
			isa = XCRemoteSwiftPackageReference;
			repositoryURL = "https://github.com/SDWebImage/SDWebImageSwiftUI";
			requirement = {
				kind = upToNextMajorVersion;
				minimumVersion = 2.0.0;
			};
		};
/* End XCRemoteSwiftPackageReference section */

/* Begin XCSwiftPackageProductDependency section */
		CC52D6D02A069765005ACD2D /* SDWebImageSwiftUI */ = {
			isa = XCSwiftPackageProductDependency;
			package = CC52D6CF2A069765005ACD2D /* XCRemoteSwiftPackageReference "SDWebImageSwiftUI" */;
			productName = SDWebImageSwiftUI;
		};
/* End XCSwiftPackageProductDependency section */
	};
	rootObject = CC52D6942A03BB9E005ACD2D /* Project object */;
}
